
Microsoft Visual Studio Solution File, Format Version 12.00
# Visual Studio Version 17
VisualStudioVersion = 17.5.33502.453
MinimumVisualStudioVersion = 10.0.40219.1
Project("{9A19103F-16F7-4668-BE54-9A1E7A4F7556}") = "FamilyTreeApi", "FamilyTreeApi\FamilyTreeApi.csproj", "{22D65FCD-0908-4B00-924B-49A2A380AF6C}"
EndProject
Project("{9A19103F-16F7-4668-BE54-9A1E7A4F7556}") = "ENTITIES", "ENTITIES\ENTITIES.csproj", "{0935DE66-E02E-43F5-A6AD-3CF092445F5D}"
EndProject
Project("{9A19103F-16F7-4668-BE54-9A1E7A4F7556}") = "DATA_LAYER", "DATA_LAYER\DATA_LAYER.csproj", "{6A4AEAE3-013C-4772-B51D-A37346881A02}"
EndProject
Project("{9A19103F-16F7-4668-BE54-9A1E7A4F7556}") = "REPOSITORIES", "REPOSITORIES\REPOSITORIES.csproj", "{953EB647-F3F8-438B-A729-41190719BB67}"
EndProject
Project("{9A19103F-16F7-4668-BE54-9A1E7A4F7556}") = "SHARED", "SHARED\SHARED.csproj", "{C7ADCC75-9517-424D-9DA0-FB2129D7B7D8}"
EndProject
Project("{9A19103F-16F7-4668-BE54-9A1E7A4F7556}") = "SERVICES", "SERVICES\SERVICES.csproj", "{4D2D04BE-EF14-425A-8FB9-E76C408404EB}"
EndProject
Project("{FAE04EC0-301F-11D3-BF4B-00C04F79EFBC}") = "DTOs", "DTOs\DTOs.csproj", "{F5B3EC03-1B5C-4548-B518-704C5FE1154C}"
EndProject
Global
	GlobalSection(SolutionConfigurationPlatforms) = preSolution
		Debug|Any CPU = Debug|Any CPU
		Release|Any CPU = Release|Any CPU
	EndGlobalSection
	GlobalSection(ProjectConfigurationPlatforms) = postSolution
		{22D65FCD-0908-4B00-924B-49A2A380AF6C}.Debug|Any CPU.ActiveCfg = Debug|Any CPU
		{22D65FCD-0908-4B00-924B-49A2A380AF6C}.Debug|Any CPU.Build.0 = Debug|Any CPU
		{22D65FCD-0908-4B00-924B-49A2A380AF6C}.Release|Any CPU.ActiveCfg = Release|Any CPU
		{22D65FCD-0908-4B00-924B-49A2A380AF6C}.Release|Any CPU.Build.0 = Release|Any CPU
		{0935DE66-E02E-43F5-A6AD-3CF092445F5D}.Debug|Any CPU.ActiveCfg = Debug|Any CPU
		{0935DE66-E02E-43F5-A6AD-3CF092445F5D}.Debug|Any CPU.Build.0 = Debug|Any CPU
		{0935DE66-E02E-43F5-A6AD-3CF092445F5D}.Release|Any CPU.ActiveCfg = Release|Any CPU
		{0935DE66-E02E-43F5-A6AD-3CF092445F5D}.Release|Any CPU.Build.0 = Release|Any CPU
		{6A4AEAE3-013C-4772-B51D-A37346881A02}.Debug|Any CPU.ActiveCfg = Debug|Any CPU
		{6A4AEAE3-013C-4772-B51D-A37346881A02}.Debug|Any CPU.Build.0 = Debug|Any CPU
		{6A4AEAE3-013C-4772-B51D-A37346881A02}.Release|Any CPU.ActiveCfg = Release|Any CPU
		{6A4AEAE3-013C-4772-B51D-A37346881A02}.Release|Any CPU.Build.0 = Release|Any CPU
		{953EB647-F3F8-438B-A729-41190719BB67}.Debug|Any CPU.ActiveCfg = Debug|Any CPU
		{953EB647-F3F8-438B-A729-41190719BB67}.Debug|Any CPU.Build.0 = Debug|Any CPU
		{953EB647-F3F8-438B-A729-41190719BB67}.Release|Any CPU.ActiveCfg = Release|Any CPU
		{953EB647-F3F8-438B-A729-41190719BB67}.Release|Any CPU.Build.0 = Release|Any CPU
		{C7ADCC75-9517-424D-9DA0-FB2129D7B7D8}.Debug|Any CPU.ActiveCfg = Debug|Any CPU
		{C7ADCC75-9517-424D-9DA0-FB2129D7B7D8}.Debug|Any CPU.Build.0 = Debug|Any CPU
		{C7ADCC75-9517-424D-9DA0-FB2129D7B7D8}.Release|Any CPU.ActiveCfg = Release|Any CPU
		{C7ADCC75-9517-424D-9DA0-FB2129D7B7D8}.Release|Any CPU.Build.0 = Release|Any CPU
		{4D2D04BE-EF14-425A-8FB9-E76C408404EB}.Debug|Any CPU.ActiveCfg = Debug|Any CPU
		{4D2D04BE-EF14-425A-8FB9-E76C408404EB}.Debug|Any CPU.Build.0 = Debug|Any CPU
		{4D2D04BE-EF14-425A-8FB9-E76C408404EB}.Release|Any CPU.ActiveCfg = Release|Any CPU
		{4D2D04BE-EF14-425A-8FB9-E76C408404EB}.Release|Any CPU.Build.0 = Release|Any CPU
		{F5B3EC03-1B5C-4548-B518-704C5FE1154C}.Debug|Any CPU.ActiveCfg = Debug|Any CPU
		{F5B3EC03-1B5C-4548-B518-704C5FE1154C}.Debug|Any CPU.Build.0 = Debug|Any CPU
		{F5B3EC03-1B5C-4548-B518-704C5FE1154C}.Release|Any CPU.ActiveCfg = Release|Any CPU
		{F5B3EC03-1B5C-4548-B518-704C5FE1154C}.Release|Any CPU.Build.0 = Release|Any CPU
	EndGlobalSection
	GlobalSection(SolutionProperties) = preSolution
		HideSolutionNode = FALSE
	EndGlobalSection
	GlobalSection(ExtensibilityGlobals) = postSolution
		SolutionGuid = {930BB0E9-C17E-4382-BB43-D54C26AD5D5D}
	EndGlobalSection
EndGlobal
